// !$*UTF8*$!
{
	archiveVersion = 1;
	classes = {
	};
	objectVersion = 50;
	objects = {

/* Begin PBXBuildFile section */
		E217370E21F3C54100E17BA0 /* ListOfExerciceTableViewController.swift in Sources */ = {isa = PBXBuildFile; fileRef = E217370D21F3C54100E17BA0 /* ListOfExerciceTableViewController.swift */; };
		E22F6FAB21F1C37C00EA5A70 /* AppDelegate.swift in Sources */ = {isa = PBXBuildFile; fileRef = E22F6FAA21F1C37C00EA5A70 /* AppDelegate.swift */; };
		E22F6FAD21F1C37C00EA5A70 /* FirstViewController.swift in Sources */ = {isa = PBXBuildFile; fileRef = E22F6FAC21F1C37C00EA5A70 /* FirstViewController.swift */; };
		E22F6FAF21F1C37C00EA5A70 /* SecondViewController.swift in Sources */ = {isa = PBXBuildFile; fileRef = E22F6FAE21F1C37C00EA5A70 /* SecondViewController.swift */; };
		E22F6FB221F1C37C00EA5A70 /* Main.storyboard in Resources */ = {isa = PBXBuildFile; fileRef = E22F6FB021F1C37C00EA5A70 /* Main.storyboard */; };
		E22F6FB421F1C37E00EA5A70 /* Assets.xcassets in Resources */ = {isa = PBXBuildFile; fileRef = E22F6FB321F1C37E00EA5A70 /* Assets.xcassets */; };
		E22F6FB721F1C37E00EA5A70 /* LaunchScreen.storyboard in Resources */ = {isa = PBXBuildFile; fileRef = E22F6FB521F1C37E00EA5A70 /* LaunchScreen.storyboard */; };
		E22F6FD821F1E2AA00EA5A70 /* SQLite.framework in Frameworks */ = {isa = PBXBuildFile; fileRef = E22F6FCA21F1E17A00EA5A70 /* SQLite.framework */; };
		E22F6FD921F1E2BE00EA5A70 /* SQLite.framework in Frameworks */ = {isa = PBXBuildFile; fileRef = E22F6FCA21F1E17A00EA5A70 /* SQLite.framework */; };
		E22F6FDA21F1E2BE00EA5A70 /* SQLite.framework in Embed Frameworks */ = {isa = PBXBuildFile; fileRef = E22F6FCA21F1E17A00EA5A70 /* SQLite.framework */; settings = {ATTRIBUTES = (CodeSignOnCopy, RemoveHeadersOnCopy, ); }; };
		E22F6FDF21F2059300EA5A70 /* DataBase.swift in Sources */ = {isa = PBXBuildFile; fileRef = E22F6FDE21F2059300EA5A70 /* DataBase.swift */; };
		E22F6FE121F2090600EA5A70 /* Entrainement.swift in Sources */ = {isa = PBXBuildFile; fileRef = E22F6FE021F2090600EA5A70 /* Entrainement.swift */; };
		E22F6FE321F20A8000EA5A70 /* Exercice.swift in Sources */ = {isa = PBXBuildFile; fileRef = E22F6FE221F20A8000EA5A70 /* Exercice.swift */; };
		E22F6FED21F316B400EA5A70 /* ExerciceTabViewController.swift in Sources */ = {isa = PBXBuildFile; fileRef = E22F6FEC21F316B400EA5A70 /* ExerciceTabViewController.swift */; };
		E22F6FF321F3520500EA5A70 /* ExerciceTabViewControllerTableViewCell.swift in Sources */ = {isa = PBXBuildFile; fileRef = E22F6FF221F3520500EA5A70 /* ExerciceTabViewControllerTableViewCell.swift */; };
		E22F6FF521F358B400EA5A70 /* FirstViewControllerTableViewCell.swift in Sources */ = {isa = PBXBuildFile; fileRef = E22F6FF421F358B400EA5A70 /* FirstViewControllerTableViewCell.swift */; };
		E22F6FF721F3B11900EA5A70 /* ExerciceDescriptionViewController.swift in Sources */ = {isa = PBXBuildFile; fileRef = E22F6FF621F3B11900EA5A70 /* ExerciceDescriptionViewController.swift */; };
		E22F6FFB21F3BD9000EA5A70 /* FriendsTableViewCell.swift in Sources */ = {isa = PBXBuildFile; fileRef = E22F6FFA21F3BD9000EA5A70 /* FriendsTableViewCell.swift */; };
/* End PBXBuildFile section */

/* Begin PBXContainerItemProxy section */
		E22F6FC921F1E17A00EA5A70 /* PBXContainerItemProxy */ = {
			isa = PBXContainerItemProxy;
			containerPortal = E22F6FBF21F1E17A00EA5A70 /* SQLite.xcodeproj */;
			proxyType = 2;
			remoteGlobalIDString = EE247AD31C3F04ED00AE3E12;
			remoteInfo = "SQLite iOS";
		};
		E22F6FCB21F1E17A00EA5A70 /* PBXContainerItemProxy */ = {
			isa = PBXContainerItemProxy;
			containerPortal = E22F6FBF21F1E17A00EA5A70 /* SQLite.xcodeproj */;
			proxyType = 2;
			remoteGlobalIDString = EE247ADD1C3F04ED00AE3E12;
			remoteInfo = "SQLiteTests iOS";
		};
		E22F6FCD21F1E17A00EA5A70 /* PBXContainerItemProxy */ = {
			isa = PBXContainerItemProxy;
			containerPortal = E22F6FBF21F1E17A00EA5A70 /* SQLite.xcodeproj */;
			proxyType = 2;
			remoteGlobalIDString = EE247B3C1C3F3ED000AE3E12;
			remoteInfo = "SQLite Mac";
		};
		E22F6FCF21F1E17A00EA5A70 /* PBXContainerItemProxy */ = {
			isa = PBXContainerItemProxy;
			containerPortal = E22F6FBF21F1E17A00EA5A70 /* SQLite.xcodeproj */;
			proxyType = 2;
			remoteGlobalIDString = EE247B451C3F3ED000AE3E12;
			remoteInfo = "SQLiteTests Mac";
		};
		E22F6FD121F1E17A00EA5A70 /* PBXContainerItemProxy */ = {
			isa = PBXContainerItemProxy;
			containerPortal = E22F6FBF21F1E17A00EA5A70 /* SQLite.xcodeproj */;
			proxyType = 2;
			remoteGlobalIDString = 03A65E5A1C6BB0F50062603F;
			remoteInfo = "SQLite tvOS";
		};
		E22F6FD321F1E17A00EA5A70 /* PBXContainerItemProxy */ = {
			isa = PBXContainerItemProxy;
			containerPortal = E22F6FBF21F1E17A00EA5A70 /* SQLite.xcodeproj */;
			proxyType = 2;
			remoteGlobalIDString = 03A65E631C6BB0F60062603F;
			remoteInfo = "SQLiteTests tvOS";
		};
		E22F6FD521F1E17A00EA5A70 /* PBXContainerItemProxy */ = {
			isa = PBXContainerItemProxy;
			containerPortal = E22F6FBF21F1E17A00EA5A70 /* SQLite.xcodeproj */;
			proxyType = 2;
			remoteGlobalIDString = A121AC451CA35C79005A31D1;
			remoteInfo = "SQLite watchOS";
		};
		E22F6FDB21F1E2BE00EA5A70 /* PBXContainerItemProxy */ = {
			isa = PBXContainerItemProxy;
			containerPortal = E22F6FBF21F1E17A00EA5A70 /* SQLite.xcodeproj */;
			proxyType = 1;
			remoteGlobalIDString = EE247AD21C3F04ED00AE3E12;
			remoteInfo = "SQLite iOS";
		};
/* End PBXContainerItemProxy section */

/* Begin PBXCopyFilesBuildPhase section */
		E22F6FDD21F1E2BE00EA5A70 /* Embed Frameworks */ = {
			isa = PBXCopyFilesBuildPhase;
			buildActionMask = 2147483647;
			dstPath = "";
			dstSubfolderSpec = 10;
			files = (
				E22F6FDA21F1E2BE00EA5A70 /* SQLite.framework in Embed Frameworks */,
			);
			name = "Embed Frameworks";
			runOnlyForDeploymentPostprocessing = 0;
		};
/* End PBXCopyFilesBuildPhase section */

/* Begin PBXFileReference section */
		E217370D21F3C54100E17BA0 /* ListOfExerciceTableViewController.swift */ = {isa = PBXFileReference; lastKnownFileType = sourcecode.swift; path = ListOfExerciceTableViewController.swift; sourceTree = "<group>"; };
		E22F6FA721F1C37C00EA5A70 /* IF26_projet.app */ = {isa = PBXFileReference; explicitFileType = wrapper.application; includeInIndex = 0; path = IF26_projet.app; sourceTree = BUILT_PRODUCTS_DIR; };
		E22F6FAA21F1C37C00EA5A70 /* AppDelegate.swift */ = {isa = PBXFileReference; lastKnownFileType = sourcecode.swift; path = AppDelegate.swift; sourceTree = "<group>"; };
		E22F6FAC21F1C37C00EA5A70 /* FirstViewController.swift */ = {isa = PBXFileReference; lastKnownFileType = sourcecode.swift; path = FirstViewController.swift; sourceTree = "<group>"; };
		E22F6FAE21F1C37C00EA5A70 /* SecondViewController.swift */ = {isa = PBXFileReference; lastKnownFileType = sourcecode.swift; path = SecondViewController.swift; sourceTree = "<group>"; };
		E22F6FB121F1C37C00EA5A70 /* Base */ = {isa = PBXFileReference; lastKnownFileType = file.storyboard; name = Base; path = Base.lproj/Main.storyboard; sourceTree = "<group>"; };
		E22F6FB321F1C37E00EA5A70 /* Assets.xcassets */ = {isa = PBXFileReference; lastKnownFileType = folder.assetcatalog; path = Assets.xcassets; sourceTree = "<group>"; };
		E22F6FB621F1C37E00EA5A70 /* Base */ = {isa = PBXFileReference; lastKnownFileType = file.storyboard; name = Base; path = Base.lproj/LaunchScreen.storyboard; sourceTree = "<group>"; };
		E22F6FB821F1C37E00EA5A70 /* Info.plist */ = {isa = PBXFileReference; lastKnownFileType = text.plist.xml; path = Info.plist; sourceTree = "<group>"; };
		E22F6FBF21F1E17A00EA5A70 /* SQLite.xcodeproj */ = {isa = PBXFileReference; lastKnownFileType = "wrapper.pb-project"; name = SQLite.xcodeproj; path = "../../../../../../../Downloads/SQLite.swift-master/SQLite.xcodeproj"; sourceTree = "<group>"; };
		E22F6FDE21F2059300EA5A70 /* DataBase.swift */ = {isa = PBXFileReference; lastKnownFileType = sourcecode.swift; path = DataBase.swift; sourceTree = "<group>"; };
		E22F6FE021F2090600EA5A70 /* Entrainement.swift */ = {isa = PBXFileReference; lastKnownFileType = sourcecode.swift; path = Entrainement.swift; sourceTree = "<group>"; };
		E22F6FE221F20A8000EA5A70 /* Exercice.swift */ = {isa = PBXFileReference; lastKnownFileType = sourcecode.swift; path = Exercice.swift; sourceTree = "<group>"; };
		E22F6FEC21F316B400EA5A70 /* ExerciceTabViewController.swift */ = {isa = PBXFileReference; lastKnownFileType = sourcecode.swift; path = ExerciceTabViewController.swift; sourceTree = "<group>"; };
		E22F6FF221F3520500EA5A70 /* ExerciceTabViewControllerTableViewCell.swift */ = {isa = PBXFileReference; lastKnownFileType = sourcecode.swift; path = ExerciceTabViewControllerTableViewCell.swift; sourceTree = "<group>"; };
		E22F6FF421F358B400EA5A70 /* FirstViewControllerTableViewCell.swift */ = {isa = PBXFileReference; lastKnownFileType = sourcecode.swift; path = FirstViewControllerTableViewCell.swift; sourceTree = "<group>"; };
		E22F6FF621F3B11900EA5A70 /* ExerciceDescriptionViewController.swift */ = {isa = PBXFileReference; lastKnownFileType = sourcecode.swift; path = ExerciceDescriptionViewController.swift; sourceTree = "<group>"; };
		E22F6FFA21F3BD9000EA5A70 /* FriendsTableViewCell.swift */ = {isa = PBXFileReference; lastKnownFileType = sourcecode.swift; path = FriendsTableViewCell.swift; sourceTree = "<group>"; };
/* End PBXFileReference section */

/* Begin PBXFrameworksBuildPhase section */
		E22F6FA421F1C37C00EA5A70 /* Frameworks */ = {
			isa = PBXFrameworksBuildPhase;
			buildActionMask = 2147483647;
			files = (
				E22F6FD921F1E2BE00EA5A70 /* SQLite.framework in Frameworks */,
				E22F6FD821F1E2AA00EA5A70 /* SQLite.framework in Frameworks */,
			);
			runOnlyForDeploymentPostprocessing = 0;
		};
/* End PBXFrameworksBuildPhase section */

/* Begin PBXGroup section */
		E22F6F9E21F1C37C00EA5A70 = {
			isa = PBXGroup;
			children = (
				E22F6FA921F1C37C00EA5A70 /* IF26_projet */,
				E22F6FA821F1C37C00EA5A70 /* Products */,
				E22F6FBF21F1E17A00EA5A70 /* SQLite.xcodeproj */,
				E22F6FD721F1E2AA00EA5A70 /* Frameworks */,
			);
			sourceTree = "<group>";
		};
		E22F6FA821F1C37C00EA5A70 /* Products */ = {
			isa = PBXGroup;
			children = (
				E22F6FA721F1C37C00EA5A70 /* IF26_projet.app */,
			);
			name = Products;
			sourceTree = "<group>";
		};
		E22F6FA921F1C37C00EA5A70 /* IF26_projet */ = {
			isa = PBXGroup;
			children = (
				E22F6FAA21F1C37C00EA5A70 /* AppDelegate.swift */,
				E22F6FAC21F1C37C00EA5A70 /* FirstViewController.swift */,
				E22F6FF421F358B400EA5A70 /* FirstViewControllerTableViewCell.swift */,
				E22F6FEC21F316B400EA5A70 /* ExerciceTabViewController.swift */,
				E22F6FF621F3B11900EA5A70 /* ExerciceDescriptionViewController.swift */,
				E22F6FF221F3520500EA5A70 /* ExerciceTabViewControllerTableViewCell.swift */,
				E22F6FAE21F1C37C00EA5A70 /* SecondViewController.swift */,
				E22F6FB021F1C37C00EA5A70 /* Main.storyboard */,
				E217370D21F3C54100E17BA0 /* ListOfExerciceTableViewController.swift */,
				E22F6FFA21F3BD9000EA5A70 /* FriendsTableViewCell.swift */,
				E22F6FB321F1C37E00EA5A70 /* Assets.xcassets */,
				E22F6FB521F1C37E00EA5A70 /* LaunchScreen.storyboard */,
				E22F6FB821F1C37E00EA5A70 /* Info.plist */,
				E22F6FDE21F2059300EA5A70 /* DataBase.swift */,
				E22F6FE021F2090600EA5A70 /* Entrainement.swift */,
				E22F6FE221F20A8000EA5A70 /* Exercice.swift */,
			);
			path = IF26_projet;
			sourceTree = "<group>";
		};
		E22F6FC021F1E17A00EA5A70 /* Products */ = {
			isa = PBXGroup;
			children = (
				E22F6FCA21F1E17A00EA5A70 /* SQLite.framework */,
				E22F6FCC21F1E17A00EA5A70 /* SQLiteTests iOS.xctest */,
				E22F6FCE21F1E17A00EA5A70 /* SQLite.framework */,
				E22F6FD021F1E17A00EA5A70 /* SQLiteTests Mac.xctest */,
				E22F6FD221F1E17A00EA5A70 /* SQLite.framework */,
				E22F6FD421F1E17A00EA5A70 /* SQLiteTests tvOS.xctest */,
				E22F6FD621F1E17A00EA5A70 /* SQLite.framework */,
			);
			name = Products;
			sourceTree = "<group>";
		};
		E22F6FD721F1E2AA00EA5A70 /* Frameworks */ = {
			isa = PBXGroup;
			children = (
			);
			name = Frameworks;
			sourceTree = "<group>";
		};
/* End PBXGroup section */

/* Begin PBXNativeTarget section */
		E22F6FA621F1C37C00EA5A70 /* IF26_projet */ = {
			isa = PBXNativeTarget;
			buildConfigurationList = E22F6FBB21F1C37E00EA5A70 /* Build configuration list for PBXNativeTarget "IF26_projet" */;
			buildPhases = (
				E22F6FA321F1C37C00EA5A70 /* Sources */,
				E22F6FA421F1C37C00EA5A70 /* Frameworks */,
				E22F6FA521F1C37C00EA5A70 /* Resources */,
				E22F6FDD21F1E2BE00EA5A70 /* Embed Frameworks */,
			);
			buildRules = (
			);
			dependencies = (
				E22F6FDC21F1E2BE00EA5A70 /* PBXTargetDependency */,
			);
			name = IF26_projet;
			productName = IF26_projet;
			productReference = E22F6FA721F1C37C00EA5A70 /* IF26_projet.app */;
			productType = "com.apple.product-type.application";
		};
/* End PBXNativeTarget section */

/* Begin PBXProject section */
		E22F6F9F21F1C37C00EA5A70 /* Project object */ = {
			isa = PBXProject;
			attributes = {
				LastSwiftUpdateCheck = 1010;
				LastUpgradeCheck = 1010;
				ORGANIZATIONNAME = "Tom Herbin TH";
				TargetAttributes = {
					E22F6FA621F1C37C00EA5A70 = {
						CreatedOnToolsVersion = 10.1;
					};
				};
			};
			buildConfigurationList = E22F6FA221F1C37C00EA5A70 /* Build configuration list for PBXProject "IF26_projet" */;
			compatibilityVersion = "Xcode 9.3";
			developmentRegion = en;
			hasScannedForEncodings = 0;
			knownRegions = (
				en,
				Base,
			);
			mainGroup = E22F6F9E21F1C37C00EA5A70;
			productRefGroup = E22F6FA821F1C37C00EA5A70 /* Products */;
			projectDirPath = "";
			projectReferences = (
				{
					ProductGroup = E22F6FC021F1E17A00EA5A70 /* Products */;
					ProjectRef = E22F6FBF21F1E17A00EA5A70 /* SQLite.xcodeproj */;
				},
			);
			projectRoot = "";
			targets = (
				E22F6FA621F1C37C00EA5A70 /* IF26_projet */,
			);
		};
/* End PBXProject section */

/* Begin PBXReferenceProxy section */
		E22F6FCA21F1E17A00EA5A70 /* SQLite.framework */ = {
			isa = PBXReferenceProxy;
			fileType = wrapper.framework;
			path = SQLite.framework;
			remoteRef = E22F6FC921F1E17A00EA5A70 /* PBXContainerItemProxy */;
			sourceTree = BUILT_PRODUCTS_DIR;
		};
		E22F6FCC21F1E17A00EA5A70 /* SQLiteTests iOS.xctest */ = {
			isa = PBXReferenceProxy;
			fileType = wrapper.cfbundle;
			path = "SQLiteTests iOS.xctest";
			remoteRef = E22F6FCB21F1E17A00EA5A70 /* PBXContainerItemProxy */;
			sourceTree = BUILT_PRODUCTS_DIR;
		};
		E22F6FCE21F1E17A00EA5A70 /* SQLite.framework */ = {
			isa = PBXReferenceProxy;
			fileType = wrapper.framework;
			path = SQLite.framework;
			remoteRef = E22F6FCD21F1E17A00EA5A70 /* PBXContainerItemProxy */;
			sourceTree = BUILT_PRODUCTS_DIR;
		};
		E22F6FD021F1E17A00EA5A70 /* SQLiteTests Mac.xctest */ = {
			isa = PBXReferenceProxy;
			fileType = wrapper.cfbundle;
			path = "SQLiteTests Mac.xctest";
			remoteRef = E22F6FCF21F1E17A00EA5A70 /* PBXContainerItemProxy */;
			sourceTree = BUILT_PRODUCTS_DIR;
		};
		E22F6FD221F1E17A00EA5A70 /* SQLite.framework */ = {
			isa = PBXReferenceProxy;
			fileType = wrapper.framework;
			path = SQLite.framework;
			remoteRef = E22F6FD121F1E17A00EA5A70 /* PBXContainerItemProxy */;
			sourceTree = BUILT_PRODUCTS_DIR;
		};
		E22F6FD421F1E17A00EA5A70 /* SQLiteTests tvOS.xctest */ = {
			isa = PBXReferenceProxy;
			fileType = wrapper.cfbundle;
			path = "SQLiteTests tvOS.xctest";
			remoteRef = E22F6FD321F1E17A00EA5A70 /* PBXContainerItemProxy */;
			sourceTree = BUILT_PRODUCTS_DIR;
		};
		E22F6FD621F1E17A00EA5A70 /* SQLite.framework */ = {
			isa = PBXReferenceProxy;
			fileType = wrapper.framework;
			path = SQLite.framework;
			remoteRef = E22F6FD521F1E17A00EA5A70 /* PBXContainerItemProxy */;
			sourceTree = BUILT_PRODUCTS_DIR;
		};
/* End PBXReferenceProxy section */

/* Begin PBXResourcesBuildPhase section */
		E22F6FA521F1C37C00EA5A70 /* Resources */ = {
			isa = PBXResourcesBuildPhase;
			buildActionMask = 2147483647;
			files = (
				E22F6FB721F1C37E00EA5A70 /* LaunchScreen.storyboard in Resources */,
				E22F6FB421F1C37E00EA5A70 /* Assets.xcassets in Resources */,
				E22F6FB221F1C37C00EA5A70 /* Main.storyboard in Resources */,
			);
			runOnlyForDeploymentPostprocessing = 0;
		};
/* End PBXResourcesBuildPhase section */

/* Begin PBXSourcesBuildPhase section */
		E22F6FA321F1C37C00EA5A70 /* Sources */ = {
			isa = PBXSourcesBuildPhase;
			buildActionMask = 2147483647;
			files = (
				E22F6FF321F3520500EA5A70 /* ExerciceTabViewControllerTableViewCell.swift in Sources */,
				E22F6FAF21F1C37C00EA5A70 /* SecondViewController.swift in Sources */,
				E217370E21F3C54100E17BA0 /* ListOfExerciceTableViewController.swift in Sources */,
				E22F6FAB21F1C37C00EA5A70 /* AppDelegate.swift in Sources */,
				E22F6FFB21F3BD9000EA5A70 /* FriendsTableViewCell.swift in Sources */,
				E22F6FE121F2090600EA5A70 /* Entrainement.swift in Sources */,
				E22F6FE321F20A8000EA5A70 /* Exercice.swift in Sources */,
				E22F6FDF21F2059300EA5A70 /* DataBase.swift in Sources */,
				E22F6FF521F358B400EA5A70 /* FirstViewControllerTableViewCell.swift in Sources */,
				E22F6FED21F316B400EA5A70 /* ExerciceTabViewController.swift in Sources */,
				E22F6FAD21F1C37C00EA5A70 /* FirstViewController.swift in Sources */,
				E22F6FF721F3B11900EA5A70 /* ExerciceDescriptionViewController.swift in Sources */,
			);
			runOnlyForDeploymentPostprocessing = 0;
		};
/* End PBXSourcesBuildPhase section */

/* Begin PBXTargetDependency section */
		E22F6FDC21F1E2BE00EA5A70 /* PBXTargetDependency */ = {
			isa = PBXTargetDependency;
			name = "SQLite iOS";
			targetProxy = E22F6FDB21F1E2BE00EA5A70 /* PBXContainerItemProxy */;
		};
/* End PBXTargetDependency section */

/* Begin PBXVariantGroup section */
		E22F6FB021F1C37C00EA5A70 /* Main.storyboard */ = {
			isa = PBXVariantGroup;
			children = (
				E22F6FB121F1C37C00EA5A70 /* Base */,
			);
			name = Main.storyboard;
			sourceTree = "<group>";
		};
		E22F6FB521F1C37E00EA5A70 /* LaunchScreen.storyboard */ = {
			isa = PBXVariantGroup;
			children = (
				E22F6FB621F1C37E00EA5A70 /* Base */,
			);
			name = LaunchScreen.storyboard;
			sourceTree = "<group>";
		};
/* End PBXVariantGroup section */

/* Begin XCBuildConfiguration section */
		E22F6FB921F1C37E00EA5A70 /* Debug */ = {
			isa = XCBuildConfiguration;
			buildSettings = {
				ALWAYS_SEARCH_USER_PATHS = NO;
				CLANG_ANALYZER_NONNULL = YES;
				CLANG_ANALYZER_NUMBER_OBJECT_CONVERSION = YES_AGGRESSIVE;
				CLANG_CXX_LANGUAGE_STANDARD = "gnu++14";
				CLANG_CXX_LIBRARY = "libc++";
				CLANG_ENABLE_MODULES = YES;
				CLANG_ENABLE_OBJC_ARC = YES;
				CLANG_ENABLE_OBJC_WEAK = YES;
				CLANG_WARN_BLOCK_CAPTURE_AUTORELEASING = YES;
				CLANG_WARN_BOOL_CONVERSION = YES;
				CLANG_WARN_COMMA = YES;
				CLANG_WARN_CONSTANT_CONVERSION = YES;
				CLANG_WARN_DEPRECATED_OBJC_IMPLEMENTATIONS = YES;
				CLANG_WARN_DIRECT_OBJC_ISA_USAGE = YES_ERROR;
				CLANG_WARN_DOCUMENTATION_COMMENTS = YES;
				CLANG_WARN_EMPTY_BODY = YES;
				CLANG_WARN_ENUM_CONVERSION = YES;
				CLANG_WARN_INFINITE_RECURSION = YES;
				CLANG_WARN_INT_CONVERSION = YES;
				CLANG_WARN_NON_LITERAL_NULL_CONVERSION = YES;
				CLANG_WARN_OBJC_IMPLICIT_RETAIN_SELF = YES;
				CLANG_WARN_OBJC_LITERAL_CONVERSION = YES;
				CLANG_WARN_OBJC_ROOT_CLASS = YES_ERROR;
				CLANG_WARN_RANGE_LOOP_ANALYSIS = YES;
				CLANG_WARN_STRICT_PROTOTYPES = YES;
				CLANG_WARN_SUSPICIOUS_MOVE = YES;
				CLANG_WARN_UNGUARDED_AVAILABILITY = YES_AGGRESSIVE;
				CLANG_WARN_UNREACHABLE_CODE = YES;
				CLANG_WARN__DUPLICATE_METHOD_MATCH = YES;
				CODE_SIGN_IDENTITY = "iPhone Developer";
				COPY_PHASE_STRIP = NO;
				DEBUG_INFORMATION_FORMAT = dwarf;
				ENABLE_STRICT_OBJC_MSGSEND = YES;
				ENABLE_TESTABILITY = YES;
				GCC_C_LANGUAGE_STANDARD = gnu11;
				GCC_DYNAMIC_NO_PIC = NO;
				GCC_NO_COMMON_BLOCKS = YES;
				GCC_OPTIMIZATION_LEVEL = 0;
				GCC_PREPROCESSOR_DEFINITIONS = (
					"DEBUG=1",
					"$(inherited)",
				);
				GCC_WARN_64_TO_32_BIT_CONVERSION = YES;
				GCC_WARN_ABOUT_RETURN_TYPE = YES_ERROR;
				GCC_WARN_UNDECLARED_SELECTOR = YES;
				GCC_WARN_UNINITIALIZED_AUTOS = YES_AGGRESSIVE;
				GCC_WARN_UNUSED_FUNCTION = YES;
				GCC_WARN_UNUSED_VARIABLE = YES;
				IPHONEOS_DEPLOYMENT_TARGET = 12.1;
				MTL_ENABLE_DEBUG_INFO = INCLUDE_SOURCE;
				MTL_FAST_MATH = YES;
				ONLY_ACTIVE_ARCH = YES;
				SDKROOT = iphoneos;
				SWIFT_ACTIVE_COMPILATION_CONDITIONS = DEBUG;
				SWIFT_OPTIMIZATION_LEVEL = "-Onone";
			};
			name = Debug;
		};
		E22F6FBA21F1C37E00EA5A70 /* Release */ = {
			isa = XCBuildConfiguration;
			buildSettings = {
				ALWAYS_SEARCH_USER_PATHS = NO;
				CLANG_ANALYZER_NONNULL = YES;
				CLANG_ANALYZER_NUMBER_OBJECT_CONVERSION = YES_AGGRESSIVE;
				CLANG_CXX_LANGUAGE_STANDARD = "gnu++14";
				CLANG_CXX_LIBRARY = "libc++";
				CLANG_ENABLE_MODULES = YES;
				CLANG_ENABLE_OBJC_ARC = YES;
				CLANG_ENABLE_OBJC_WEAK = YES;
				CLANG_WARN_BLOCK_CAPTURE_AUTORELEASING = YES;
				CLANG_WARN_BOOL_CONVERSION = YES;
				CLANG_WARN_COMMA = YES;
				CLANG_WARN_CONSTANT_CONVERSION = YES;
				CLANG_WARN_DEPRECATED_OBJC_IMPLEMENTATIONS = YES;
				CLANG_WARN_DIRECT_OBJC_ISA_USAGE = YES_ERROR;
				CLANG_WARN_DOCUMENTATION_COMMENTS = YES;
				CLANG_WARN_EMPTY_BODY = YES;
				CLANG_WARN_ENUM_CONVERSION = YES;
				CLANG_WARN_INFINITE_RECURSION = YES;
				CLANG_WARN_INT_CONVERSION = YES;
				CLANG_WARN_NON_LITERAL_NULL_CONVERSION = YES;
				CLANG_WARN_OBJC_IMPLICIT_RETAIN_SELF = YES;
				CLANG_WARN_OBJC_LITERAL_CONVERSION = YES;
				CLANG_WARN_OBJC_ROOT_CLASS = YES_ERROR;
				CLANG_WARN_RANGE_LOOP_ANALYSIS = YES;
				CLANG_WARN_STRICT_PROTOTYPES = YES;
				CLANG_WARN_SUSPICIOUS_MOVE = YES;
				CLANG_WARN_UNGUARDED_AVAILABILITY = YES_AGGRESSIVE;
				CLANG_WARN_UNREACHABLE_CODE = YES;
				CLANG_WARN__DUPLICATE_METHOD_MATCH = YES;
				CODE_SIGN_IDENTITY = "iPhone Developer";
				COPY_PHASE_STRIP = NO;
				DEBUG_INFORMATION_FORMAT = "dwarf-with-dsym";
				ENABLE_NS_ASSERTIONS = NO;
				ENABLE_STRICT_OBJC_MSGSEND = YES;
				GCC_C_LANGUAGE_STANDARD = gnu11;
				GCC_NO_COMMON_BLOCKS = YES;
				GCC_WARN_64_TO_32_BIT_CONVERSION = YES;
				GCC_WARN_ABOUT_RETURN_TYPE = YES_ERROR;
				GCC_WARN_UNDECLARED_SELECTOR = YES;
				GCC_WARN_UNINITIALIZED_AUTOS = YES_AGGRESSIVE;
				GCC_WARN_UNUSED_FUNCTION = YES;
				GCC_WARN_UNUSED_VARIABLE = YES;
				IPHONEOS_DEPLOYMENT_TARGET = 12.1;
				MTL_ENABLE_DEBUG_INFO = NO;
				MTL_FAST_MATH = YES;
				SDKROOT = iphoneos;
				SWIFT_COMPILATION_MODE = wholemodule;
				SWIFT_OPTIMIZATION_LEVEL = "-O";
				VALIDATE_PRODUCT = YES;
			};
			name = Release;
		};
		E22F6FBC21F1C37E00EA5A70 /* Debug */ = {
			isa = XCBuildConfiguration;
			buildSettings = {
				ALWAYS_EMBED_SWIFT_STANDARD_LIBRARIES = YES;
				ASSETCATALOG_COMPILER_APPICON_NAME = AppIcon;
				CODE_SIGN_STYLE = Automatic;
				DEVELOPMENT_TEAM = 6397Z4KYFD;
				INFOPLIST_FILE = IF26_projet/Info.plist;
				LD_RUNPATH_SEARCH_PATHS = (
					"$(inherited)",
					"@executable_path/Frameworks",
				);
				PRODUCT_BUNDLE_IDENTIFIER = "com.HerbinCreation.IF26-projet";
				PRODUCT_NAME = "$(TARGET_NAME)";
				SWIFT_VERSION = 4.2;
				TARGETED_DEVICE_FAMILY = "1,2";
			};
			name = Debug;
		};
		E22F6FBD21F1C37E00EA5A70 /* Release */ = {
			isa = XCBuildConfiguration;
			buildSettings = {
				ALWAYS_EMBED_SWIFT_STANDARD_LIBRARIES = YES;
				ASSETCATALOG_COMPILER_APPICON_NAME = AppIcon;
				CODE_SIGN_STYLE = Automatic;
				DEVELOPMENT_TEAM = 6397Z4KYFD;
				INFOPLIST_FILE = IF26_projet/Info.plist;
				LD_RUNPATH_SEARCH_PATHS = (
					"$(inherited)",
					"@executable_path/Frameworks",
				);
				PRODUCT_BUNDLE_IDENTIFIER = "com.HerbinCreation.IF26-projet";
				PRODUCT_NAME = "$(TARGET_NAME)";
				SWIFT_VERSION = 4.2;
				TARGETED_DEVICE_FAMILY = "1,2";
			};
			name = Release;
		};
/* End XCBuildConfiguration section */

/* Begin XCConfigurationList section */
		E22F6FA221F1C37C00EA5A70 /* Build configuration list for PBXProject "IF26_projet" */ = {
			isa = XCConfigurationList;
			buildConfigurations = (
				E22F6FB921F1C37E00EA5A70 /* Debug */,
				E22F6FBA21F1C37E00EA5A70 /* Release */,
			);
			defaultConfigurationIsVisible = 0;
			defaultConfigurationName = Release;
		};
		E22F6FBB21F1C37E00EA5A70 /* Build configuration list for PBXNativeTarget "IF26_projet" */ = {
			isa = XCConfigurationList;
			buildConfigurations = (
				E22F6FBC21F1C37E00EA5A70 /* Debug */,
				E22F6FBD21F1C37E00EA5A70 /* Release */,
			);
			defaultConfigurationIsVisible = 0;
			defaultConfigurationName = Release;
		};
/* End XCConfigurationList section */
	};
	rootObject = E22F6F9F21F1C37C00EA5A70 /* Project object */;
}
